
Microsoft Visual Studio Solution File, Format Version 12.00
# Visual Studio 15
VisualStudioVersion = 15.0.26403.7
MinimumVisualStudioVersion = 10.0.40219.1
Project("{FAE04EC0-301F-11D3-BF4B-00C04F79EFBC}") = "FeedbackReviewer", "FeedbackReviewer\FeedbackReviewer.csproj", "{5C1DE2BC-6FD0-4640-979B-EAE2F24C8716}"
EndProject
Project("{FAE04EC0-301F-11D3-BF4B-00C04F79EFBC}") = "FeedbackReviewer.Tests", "FeedbackReviewer.Tests\FeedbackReviewer.Tests.csproj", "{4621048A-9C3B-45D3-9F7D-146B0DAC06B9}"
EndProject
Global
	GlobalSection(SolutionConfigurationPlatforms) = preSolution
		Debug|Any CPU = Debug|Any CPU
		Release|Any CPU = Release|Any CPU
	EndGlobalSection
	GlobalSection(ProjectConfigurationPlatforms) = postSolution
		{5C1DE2BC-6FD0-4640-979B-EAE2F24C8716}.Debug|Any CPU.ActiveCfg = Debug|Any CPU
		{5C1DE2BC-6FD0-4640-979B-EAE2F24C8716}.Debug|Any CPU.Build.0 = Debug|Any CPU
		{5C1DE2BC-6FD0-4640-979B-EAE2F24C8716}.Release|Any CPU.ActiveCfg = Release|Any CPU
		{5C1DE2BC-6FD0-4640-979B-EAE2F24C8716}.Release|Any CPU.Build.0 = Release|Any CPU
		{4621048A-9C3B-45D3-9F7D-146B0DAC06B9}.Debug|Any CPU.ActiveCfg = Debug|Any CPU
		{4621048A-9C3B-45D3-9F7D-146B0DAC06B9}.Debug|Any CPU.Build.0 = Debug|Any CPU
		{4621048A-9C3B-45D3-9F7D-146B0DAC06B9}.Release|Any CPU.ActiveCfg = Release|Any CPU
		{4621048A-9C3B-45D3-9F7D-146B0DAC06B9}.Release|Any CPU.Build.0 = Release|Any CPU
	EndGlobalSection
	GlobalSection(SolutionProperties) = preSolution
		HideSolutionNode = FALSE
	EndGlobalSection
EndGlobal
